# This file is automatically @generated by Cargo.
# It is not intended for manual editing.
version = 3

[[package]]
name = "randon-crate"
version = "0.1.0"
dependencies = [
 "sig-provider",
 "sig-provider-proto",
 "smart-contract-verifier",
 "smart-contract-verifier-server",
]

[[package]]
name = "sig-provider"
version = "0.1.0"
source = "git+https://github.com/sevenzing/test-cargo#2fde1ad3aed67d41872b75e03da7fc5d82c1469b"
dependencies = [
 "sig-provider-proto",
]

[[package]]
name = "sig-provider-proto"
version = "0.1.0"
source = "git+https://github.com/sevenzing/test-cargo#2fde1ad3aed67d41872b75e03da7fc5d82c1469b"

[[package]]
name = "smart-contract-verifier"
version = "0.1.0"
source = "git+https://github.com/sevenzing/test-cargo#2fde1ad3aed67d41872b75e03da7fc5d82c1469b"

[[package]]
name = "smart-contract-verifier-server"
version = "0.1.0"
source = "git+https://github.com/sevenzing/test-cargo#2fde1ad3aed67d41872b75e03da7fc5d82c1469b"
dependencies = [
 "smart-contract-verifier",
]
